lockfileVersion: '9.0'

settings:
  autoInstallPeers: false
  excludeLinksFromLockfile: false

overrides:
  '@apollo/server-plugin-landing-page-graphql-playground>@apollo/server': ^5.1.0

importers:

  .:
    devDependencies:
      '@changesets/cli':
        specifier: ^2.29.8
        version: 2.29.8(@types/node@24.12.4)
      '@comet/cli':
        specifier: workspace:*
        version: link:packages/cli
      '@comet/dev-oidc-provider':
        specifier: ^1.2.1
        version: 1.2.1
      '@comet/dev-process-manager':
        specifier: ^3.1.0
        version: 3.1.0
      '@formatjs/cli':
        specifier: ^6.7.2
        version: 6.7.4(@vue/compiler-core@3.5.15)
      '@types/node':
        specifier: ^24.12.4
        version: 24.12.4
      dotenv-cli:
        specifier: ^9.0.0
        version: 9.0.0
      husky:
        specifier: ^9.1.7
        version: 9.1.7
      knip:
        specifier: ^5.61.3
        version: 5.63.1(@types/node@24.12.4)(typescript@5.9.3)
      lint-staged:
        specifier: ^16.2.7
        version: 16.2.7
      npm-run-all2:
        specifier: ^8.0.4
        version: 8.0.4
      open-cli:
        specifier: ^8.0.0
        version: 8.0.0
      prettier:
        specifier: ^3.6.2
        version: 3.6.2
      rimraf:
        specifier: ^6.1.2
        version: 6.1.2
      typescript:
        specifier: ^5.9.3
        version: 5.9.3